// !$*UTF8*$!
{
	archiveVersion = 1;
	classes = {
	};
	objectVersion = 50;
	objects = {

/* Begin PBXBuildFile section */
		45CCF057233CBFC300BDD23D /* AppDelegate.m in Sources */ = {isa = PBXBuildFile; fileRef = 45CCF056233CBFC300BDD23D /* AppDelegate.m */; };
		45CCF05A233CBFC300BDD23D /* ViewController.m in Sources */ = {isa = PBXBuildFile; fileRef = 45CCF059233CBFC300BDD23D /* ViewController.m */; };
		45CCF05D233CBFC300BDD23D /* Main.storyboard in Resources */ = {isa = PBXBuildFile; fileRef = 45CCF05B233CBFC300BDD23D /* Main.storyboard */; };
		45CCF05F233CBFC400BDD23D /* Assets.xcassets in Resources */ = {isa = PBXBuildFile; fileRef = 45CCF05E233CBFC400BDD23D /* Assets.xcassets */; };
		45CCF062233CBFC400BDD23D /* LaunchScreen.storyboard in Resources */ = {isa = PBXBuildFile; fileRef = 45CCF060233CBFC400BDD23D /* LaunchScreen.storyboard */; };
		45CCF065233CBFC400BDD23D /* main.m in Sources */ = {isa = PBXBuildFile; fileRef = 45CCF064233CBFC400BDD23D /* main.m */; };
/* End PBXBuildFile section */

/* Begin PBXFileReference section */
		45CCF052233CBFC300BDD23D /* firstDz.app */ = {isa = PBXFileReference; explicitFileType = wrapper.application; includeInIndex = 0; path = firstDz.app; sourceTree = BUILT_PRODUCTS_DIR; };
		45CCF055233CBFC300BDD23D /* AppDelegate.h */ = {isa = PBXFileReference; lastKnownFileType = sourcecode.c.h; path = AppDelegate.h; sourceTree = "<group>"; };
		45CCF056233CBFC300BDD23D /* AppDelegate.m */ = {isa = PBXFileReference; lastKnownFileType = sourcecode.c.objc; path = AppDelegate.m; sourceTree = "<group>"; };
		45CCF058233CBFC300BDD23D /* ViewController.h */ = {isa = PBXFileReference; lastKnownFileType = sourcecode.c.h; path = ViewController.h; sourceTree = "<group>"; };
		45CCF059233CBFC300BDD23D /* ViewController.m */ = {isa = PBXFileReference; lastKnownFileType = sourcecode.c.objc; path = ViewController.m; sourceTree = "<group>"; };
		45CCF05C233CBFC300BDD23D /* Base */ = {isa = PBXFileReference; lastKnownFileType = file.storyboard; name = Base; path = Base.lproj/Main.storyboard; sourceTree = "<group>"; };
		45CCF05E233CBFC400BDD23D /* Assets.xcassets */ = {isa = PBXFileReference; lastKnownFileType = folder.assetcatalog; path = Assets.xcassets; sourceTree = "<group>"; };
		45CCF061233CBFC400BDD23D /* Base */ = {isa = PBXFileReference; lastKnownFileType = file.storyboard; name = Base; path = Base.lproj/LaunchScreen.storyboard; sourceTree = "<group>"; };
		45CCF063233CBFC400BDD23D /* Info.plist */ = {isa = PBXFileReference; lastKnownFileType = text.plist.xml; path = Info.plist; sourceTree = "<group>"; };
		45CCF064233CBFC400BDD23D /* main.m */ = {isa = PBXFileReference; lastKnownFileType = sourcecode.c.objc; path = main.m; sourceTree = "<group>"; };
/* End PBXFileReference section */

/* Begin PBXFrameworksBuildPhase section */
		45CCF04F233CBFC300BDD23D /* Frameworks */ = {
			isa = PBXFrameworksBuildPhase;
			buildActionMask = 2147483647;
			files = (
			);
			runOnlyForDeploymentPostprocessing = 0;
		};
/* End PBXFrameworksBuildPhase section */

/* Begin PBXGroup section */
		45CCF049233CBFC300BDD23D = {
			isa = PBXGroup;
			children = (
				45CCF054233CBFC300BDD23D /* firstDz */,
				45CCF053233CBFC300BDD23D /* Products */,
			);
			sourceTree = "<group>";
		};
		45CCF053233CBFC300BDD23D /* Products */ = {
			isa = PBXGroup;
			children = (
				45CCF052233CBFC300BDD23D /* firstDz.app */,
			);
			name = Products;
			sourceTree = "<group>";
		};
		45CCF054233CBFC300BDD23D /* firstDz */ = {
			isa = PBXGroup;
			children = (
				45CCF055233CBFC300BDD23D /* AppDelegate.h */,
				45CCF056233CBFC300BDD23D /* AppDelegate.m */,
				45CCF058233CBFC300BDD23D /* ViewController.h */,
				45CCF059233CBFC300BDD23D /* ViewController.m */,
				45CCF05B233CBFC300BDD23D /* Main.storyboard */,
				45CCF05E233CBFC400BDD23D /* Assets.xcassets */,
				45CCF060233CBFC400BDD23D /* LaunchScreen.storyboard */,
				45CCF063233CBFC400BDD23D /* Info.plist */,
				45CCF064233CBFC400BDD23D /* main.m */,
			);
			path = firstDz;
			sourceTree = "<group>";
		};
/* End PBXGroup section */

/* Begin PBXNativeTarget section */
		45CCF051233CBFC300BDD23D /* firstDz */ = {
			isa = PBXNativeTarget;
			buildConfigurationList = 45CCF068233CBFC400BDD23D /* Build configuration list for PBXNativeTarget "firstDz" */;
			buildPhases = (
				45CCF04E233CBFC300BDD23D /* Sources */,
				45CCF04F233CBFC300BDD23D /* Frameworks */,
				45CCF050233CBFC300BDD23D /* Resources */,
			);
			buildRules = (
			);
			dependencies = (
			);
			name = firstDz;
			productName = firstDz;
			productReference = 45CCF052233CBFC300BDD23D /* firstDz.app */;
			productType = "com.apple.product-type.application";
		};
/* End PBXNativeTarget section */

/* Begin PBXProject section */
		45CCF04A233CBFC300BDD23D /* Project object */ = {
			isa = PBXProject;
			attributes = {
				LastUpgradeCheck = 1030;
				ORGANIZATIONNAME = ArsIndustries;
				TargetAttributes = {
					45CCF051233CBFC300BDD23D = {
						CreatedOnToolsVersion = 10.3;
					};
				};
			};
			buildConfigurationList = 45CCF04D233CBFC300BDD23D /* Build configuration list for PBXProject "firstDz" */;
			compatibilityVersion = "Xcode 9.3";
			developmentRegion = en;
			hasScannedForEncodings = 0;
			knownRegions = (
				en,
				Base,
			);
			mainGroup = 45CCF049233CBFC300BDD23D;
			productRefGroup = 45CCF053233CBFC300BDD23D /* Products */;
			projectDirPath = "";
			projectRoot = "";
			targets = (
				45CCF051233CBFC300BDD23D /* firstDz */,
			);
		};
/* End PBXProject section */

/* Begin PBXResourcesBuildPhase section */
		45CCF050233CBFC300BDD23D /* Resources */ = {
			isa = PBXResourcesBuildPhase;
			buildActionMask = 2147483647;
			files = (
				45CCF062233CBFC400BDD23D /* LaunchScreen.storyboard in Resources */,
				45CCF05F233CBFC400BDD23D /* Assets.xcassets in Resources */,
				45CCF05D233CBFC300BDD23D /* Main.storyboard in Resources */,
			);
			runOnlyForDeploymentPostprocessing = 0;
		};
/* End PBXResourcesBuildPhase section */

/* Begin PBXSourcesBuildPhase section */
		45CCF04E233CBFC300BDD23D /* Sources */ = {
			isa = PBXSourcesBuildPhase;
			buildActionMask = 2147483647;
			files = (
				45CCF05A233CBFC300BDD23D /* ViewController.m in Sources */,
				45CCF065233CBFC400BDD23D /* main.m in Sources */,
				45CCF057233CBFC300BDD23D /* AppDelegate.m in Sources */,
			);
			runOnlyForDeploymentPostprocessing = 0;
		};
/* End PBXSourcesBuildPhase section */

/* Begin PBXVariantGroup section */
		45CCF05B233CBFC300BDD23D /* Main.storyboard */ = {
			isa = PBXVariantGroup;
			children = (
				45CCF05C233CBFC300BDD23D /* Base */,
			);
			name = Main.storyboard;
			sourceTree = "<group>";
		};
		45CCF060233CBFC400BDD23D /* LaunchScreen.storyboard */ = {
			isa = PBXVariantGroup;
			children = (
				45CCF061233CBFC400BDD23D /* Base */,
			);
			name = LaunchScreen.storyboard;
			sourceTree = "<group>";
		};
/* End PBXVariantGroup section */

/* Begin XCBuildConfiguration section */
		45CCF066233CBFC400BDD23D /* Debug */ = {
			isa = XCBuildConfiguration;
			buildSettings = {
				ALWAYS_SEARCH_USER_PATHS = NO;
				CLANG_ANALYZER_NONNULL = YES;
				CLANG_ANALYZER_NUMBER_OBJECT_CONVERSION = YES_AGGRESSIVE;
				CLANG_CXX_LANGUAGE_STANDARD = "gnu++14";
				CLANG_CXX_LIBRARY = "libc++";
				CLANG_ENABLE_MODULES = YES;
				CLANG_ENABLE_OBJC_ARC = YES;
				CLANG_ENABLE_OBJC_WEAK = YES;
				CLANG_WARN_BLOCK_CAPTURE_AUTORELEASING = YES;
				CLANG_WARN_BOOL_CONVERSION = YES;
				CLANG_WARN_COMMA = YES;
				CLANG_WARN_CONSTANT_CONVERSION = YES;
				CLANG_WARN_DEPRECATED_OBJC_IMPLEMENTATIONS = YES;
				CLANG_WARN_DIRECT_OBJC_ISA_USAGE = YES_ERROR;
				CLANG_WARN_DOCUMENTATION_COMMENTS = YES;
				CLANG_WARN_EMPTY_BODY = YES;
				CLANG_WARN_ENUM_CONVERSION = YES;
				CLANG_WARN_INFINITE_RECURSION = YES;
				CLANG_WARN_INT_CONVERSION = YES;
				CLANG_WARN_NON_LITERAL_NULL_CONVERSION = YES;
				CLANG_WARN_OBJC_IMPLICIT_RETAIN_SELF = YES;
				CLANG_WARN_OBJC_LITERAL_CONVERSION = YES;
				CLANG_WARN_OBJC_ROOT_CLASS = YES_ERROR;
				CLANG_WARN_RANGE_LOOP_ANALYSIS = YES;
				CLANG_WARN_STRICT_PROTOTYPES = YES;
				CLANG_WARN_SUSPICIOUS_MOVE = YES;
				CLANG_WARN_UNGUARDED_AVAILABILITY = YES_AGGRESSIVE;
				CLANG_WARN_UNREACHABLE_CODE = YES;
				CLANG_WARN__DUPLICATE_METHOD_MATCH = YES;
				CODE_SIGN_IDENTITY = "iPhone Developer";
				COPY_PHASE_STRIP = NO;
				DEBUG_INFORMATION_FORMAT = dwarf;
				ENABLE_STRICT_OBJC_MSGSEND = YES;
				ENABLE_TESTABILITY = YES;
				GCC_C_LANGUAGE_STANDARD = gnu11;
				GCC_DYNAMIC_NO_PIC = NO;
				GCC_NO_COMMON_BLOCKS = YES;
				GCC_OPTIMIZATION_LEVEL = 0;
				GCC_PREPROCESSOR_DEFINITIONS = (
					"DEBUG=1",
					"$(inherited)",
				);
				GCC_WARN_64_TO_32_BIT_CONVERSION = YES;
				GCC_WARN_ABOUT_RETURN_TYPE = YES_ERROR;
				GCC_WARN_UNDECLARED_SELECTOR = YES;
				GCC_WARN_UNINITIALIZED_AUTOS = YES_AGGRESSIVE;
				GCC_WARN_UNUSED_FUNCTION = YES;
				GCC_WARN_UNUSED_VARIABLE = YES;
				IPHONEOS_DEPLOYMENT_TARGET = 12.4;
				MTL_ENABLE_DEBUG_INFO = INCLUDE_SOURCE;
				MTL_FAST_MATH = YES;
				ONLY_ACTIVE_ARCH = YES;
				SDKROOT = iphoneos;
			};
			name = Debug;
		};
		45CCF067233CBFC400BDD23D /* Release */ = {
			isa = XCBuildConfiguration;
			buildSettings = {
				ALWAYS_SEARCH_USER_PATHS = NO;
				CLANG_ANALYZER_NONNULL = YES;
				CLANG_ANALYZER_NUMBER_OBJECT_CONVERSION = YES_AGGRESSIVE;
				CLANG_CXX_LANGUAGE_STANDARD = "gnu++14";
				CLANG_CXX_LIBRARY = "libc++";
				CLANG_ENABLE_MODULES = YES;
				CLANG_ENABLE_OBJC_ARC = YES;
				CLANG_ENABLE_OBJC_WEAK = YES;
				CLANG_WARN_BLOCK_CAPTURE_AUTORELEASING = YES;
				CLANG_WARN_BOOL_CONVERSION = YES;
				CLANG_WARN_COMMA = YES;
				CLANG_WARN_CONSTANT_CONVERSION = YES;
				CLANG_WARN_DEPRECATED_OBJC_IMPLEMENTATIONS = YES;
				CLANG_WARN_DIRECT_OBJC_ISA_USAGE = YES_ERROR;
				CLANG_WARN_DOCUMENTATION_COMMENTS = YES;
				CLANG_WARN_EMPTY_BODY = YES;
				CLANG_WARN_ENUM_CONVERSION = YES;
				CLANG_WARN_INFINITE_RECURSION = YES;
				CLANG_WARN_INT_CONVERSION = YES;
				CLANG_WARN_NON_LITERAL_NULL_CONVERSION = YES;
				CLANG_WARN_OBJC_IMPLICIT_RETAIN_SELF = YES;
				CLANG_WARN_OBJC_LITERAL_CONVERSION = YES;
				CLANG_WARN_OBJC_ROOT_CLASS = YES_ERROR;
				CLANG_WARN_RANGE_LOOP_ANALYSIS = YES;
				CLANG_WARN_STRICT_PROTOTYPES = YES;
				CLANG_WARN_SUSPICIOUS_MOVE = YES;
				CLANG_WARN_UNGUARDED_AVAILABILITY = YES_AGGRESSIVE;
				CLANG_WARN_UNREACHABLE_CODE = YES;
				CLANG_WARN__DUPLICATE_METHOD_MATCH = YES;
				CODE_SIGN_IDENTITY = "iPhone Developer";
				COPY_PHASE_STRIP = NO;
				DEBUG_INFORMATION_FORMAT = "dwarf-with-dsym";
				ENABLE_NS_ASSERTIONS = NO;
				ENABLE_STRICT_OBJC_MSGSEND = YES;
				GCC_C_LANGUAGE_STANDARD = gnu11;
				GCC_NO_COMMON_BLOCKS = YES;
				GCC_WARN_64_TO_32_BIT_CONVERSION = YES;
				GCC_WARN_ABOUT_RETURN_TYPE = YES_ERROR;
				GCC_WARN_UNDECLARED_SELECTOR = YES;
				GCC_WARN_UNINITIALIZED_AUTOS = YES_AGGRESSIVE;
				GCC_WARN_UNUSED_FUNCTION = YES;
				GCC_WARN_UNUSED_VARIABLE = YES;
				IPHONEOS_DEPLOYMENT_TARGET = 12.4;
				MTL_ENABLE_DEBUG_INFO = NO;
				MTL_FAST_MATH = YES;
				SDKROOT = iphoneos;
				VALIDATE_PRODUCT = YES;
			};
			name = Release;
		};
		45CCF069233CBFC400BDD23D /* Debug */ = {
			isa = XCBuildConfiguration;
			buildSettings = {
				ASSETCATALOG_COMPILER_APPICON_NAME = AppIcon;
				CODE_SIGN_STYLE = Automatic;
				DEVELOPMENT_TEAM = 42SVX5XPT4;
				INFOPLIST_FILE = firstDz/Info.plist;
				LD_RUNPATH_SEARCH_PATHS = (
					"$(inherited)",
					"@executable_path/Frameworks",
				);
				PRODUCT_BUNDLE_IDENTIFIER = "-.firstDz";
				PRODUCT_NAME = "$(TARGET_NAME)";
				TARGETED_DEVICE_FAMILY = "1,2";
			};
			name = Debug;
		};
		45CCF06A233CBFC400BDD23D /* Release */ = {
			isa = XCBuildConfiguration;
			buildSettings = {
				ASSETCATALOG_COMPILER_APPICON_NAME = AppIcon;
				CODE_SIGN_STYLE = Automatic;
				DEVELOPMENT_TEAM = 42SVX5XPT4;
				INFOPLIST_FILE = firstDz/Info.plist;
				LD_RUNPATH_SEARCH_PATHS = (
					"$(inherited)",
					"@executable_path/Frameworks",
				);
				PRODUCT_BUNDLE_IDENTIFIER = "-.firstDz";
				PRODUCT_NAME = "$(TARGET_NAME)";
				TARGETED_DEVICE_FAMILY = "1,2";
			};
			name = Release;
		};
/* End XCBuildConfiguration section */

/* Begin XCConfigurationList section */
		45CCF04D233CBFC300BDD23D /* Build configuration list for PBXProject "firstDz" */ = {
			isa = XCConfigurationList;
			buildConfigurations = (
				45CCF066233CBFC400BDD23D /* Debug */,
				45CCF067233CBFC400BDD23D /* Release */,
			);
			defaultConfigurationIsVisible = 0;
			defaultConfigurationName = Release;
		};
		45CCF068233CBFC400BDD23D /* Build configuration list for PBXNativeTarget "firstDz" */ = {
			isa = XCConfigurationList;
			buildConfigurations = (
				45CCF069233CBFC400BDD23D /* Debug */,
				45CCF06A233CBFC400BDD23D /* Release */,
			);
			defaultConfigurationIsVisible = 0;
			defaultConfigurationName = Release;
		};
/* End XCConfigurationList section */
	};
	rootObject = 45CCF04A233CBFC300BDD23D /* Project object */;
}
